// !$*UTF8*$!
{
	archiveVersion = 1;
	classes = {
	};
	objectVersion = 46;
	objects = {

/* Begin PBXBuildFile section */
		040FB2F01C67E79F004E041E /* CreateAccountRootViewController.swift in Sources */ = {isa = PBXBuildFile; fileRef = 040FB2EF1C67E79F004E041E /* CreateAccountRootViewController.swift */; };
		040FB2F21C67E7AF004E041E /* SignInRootViewController.swift in Sources */ = {isa = PBXBuildFile; fileRef = 040FB2F11C67E7AF004E041E /* SignInRootViewController.swift */; };
		040FB2F41C67E7F3004E041E /* CreateAccountViewController.swift in Sources */ = {isa = PBXBuildFile; fileRef = 040FB2F31C67E7F3004E041E /* CreateAccountViewController.swift */; };
		040FB2F61C67E827004E041E /* SignInViewController.swift in Sources */ = {isa = PBXBuildFile; fileRef = 040FB2F51C67E827004E041E /* SignInViewController.swift */; };
		040FB2F81C67EC0F004E041E /* TermsViewController.swift in Sources */ = {isa = PBXBuildFile; fileRef = 040FB2F71C67EC0F004E041E /* TermsViewController.swift */; };
		040FB2FA1C67F5F4004E041E /* SettingsViewController.swift in Sources */ = {isa = PBXBuildFile; fileRef = 040FB2F91C67F5F4004E041E /* SettingsViewController.swift */; };
		040FB2FC1C680227004E041E /* TroubleSigningInViewController.swift in Sources */ = {isa = PBXBuildFile; fileRef = 040FB2FB1C680227004E041E /* TroubleSigningInViewController.swift */; };
		043A9F2D1C60514400230524 /* AppDelegate.swift in Sources */ = {isa = PBXBuildFile; fileRef = 043A9F2C1C60514400230524 /* AppDelegate.swift */; };
		043A9F2F1C60514400230524 /* ViewController.swift in Sources */ = {isa = PBXBuildFile; fileRef = 043A9F2E1C60514400230524 /* ViewController.swift */; };
		043A9F321C60514400230524 /* Main.storyboard in Resources */ = {isa = PBXBuildFile; fileRef = 043A9F301C60514400230524 /* Main.storyboard */; };
		043A9F341C60514400230524 /* Assets.xcassets in Resources */ = {isa = PBXBuildFile; fileRef = 043A9F331C60514400230524 /* Assets.xcassets */; };
		043A9F371C60514400230524 /* LaunchScreen.storyboard in Resources */ = {isa = PBXBuildFile; fileRef = 043A9F351C60514400230524 /* LaunchScreen.storyboard */; };
		043A9F421C60514400230524 /* codepath_wk1_dbxTests.swift in Sources */ = {isa = PBXBuildFile; fileRef = 043A9F411C60514400230524 /* codepath_wk1_dbxTests.swift */; };
		043A9F4D1C60514400230524 /* codepath_wk1_dbxUITests.swift in Sources */ = {isa = PBXBuildFile; fileRef = 043A9F4C1C60514400230524 /* codepath_wk1_dbxUITests.swift */; };
/* End PBXBuildFile section */

/* Begin PBXContainerItemProxy section */
		043A9F3E1C60514400230524 /* PBXContainerItemProxy */ = {
			isa = PBXContainerItemProxy;
			containerPortal = 043A9F211C60514400230524 /* Project object */;
			proxyType = 1;
			remoteGlobalIDString = 043A9F281C60514400230524;
			remoteInfo = codepath_wk1_dbx;
		};
		043A9F491C60514400230524 /* PBXContainerItemProxy */ = {
			isa = PBXContainerItemProxy;
			containerPortal = 043A9F211C60514400230524 /* Project object */;
			proxyType = 1;
			remoteGlobalIDString = 043A9F281C60514400230524;
			remoteInfo = codepath_wk1_dbx;
		};
/* End PBXContainerItemProxy section */

/* Begin PBXFileReference section */
		040FB2EF1C67E79F004E041E /* CreateAccountRootViewController.swift */ = {isa = PBXFileReference; fileEncoding = 4; lastKnownFileType = sourcecode.swift; path = CreateAccountRootViewController.swift; sourceTree = "<group>"; };
		040FB2F11C67E7AF004E041E /* SignInRootViewController.swift */ = {isa = PBXFileReference; fileEncoding = 4; lastKnownFileType = sourcecode.swift; path = SignInRootViewController.swift; sourceTree = "<group>"; };
		040FB2F31C67E7F3004E041E /* CreateAccountViewController.swift */ = {isa = PBXFileReference; fileEncoding = 4; lastKnownFileType = sourcecode.swift; path = CreateAccountViewController.swift; sourceTree = "<group>"; };
		040FB2F51C67E827004E041E /* SignInViewController.swift */ = {isa = PBXFileReference; fileEncoding = 4; lastKnownFileType = sourcecode.swift; path = SignInViewController.swift; sourceTree = "<group>"; };
		040FB2F71C67EC0F004E041E /* TermsViewController.swift */ = {isa = PBXFileReference; fileEncoding = 4; lastKnownFileType = sourcecode.swift; path = TermsViewController.swift; sourceTree = "<group>"; };
		040FB2F91C67F5F4004E041E /* SettingsViewController.swift */ = {isa = PBXFileReference; fileEncoding = 4; lastKnownFileType = sourcecode.swift; path = SettingsViewController.swift; sourceTree = "<group>"; };
		040FB2FB1C680227004E041E /* TroubleSigningInViewController.swift */ = {isa = PBXFileReference; fileEncoding = 4; lastKnownFileType = sourcecode.swift; path = TroubleSigningInViewController.swift; sourceTree = "<group>"; };
		043A9F291C60514400230524 /* codepath_wk1_dbx.app */ = {isa = PBXFileReference; explicitFileType = wrapper.application; includeInIndex = 0; path = codepath_wk1_dbx.app; sourceTree = BUILT_PRODUCTS_DIR; };
		043A9F2C1C60514400230524 /* AppDelegate.swift */ = {isa = PBXFileReference; lastKnownFileType = sourcecode.swift; path = AppDelegate.swift; sourceTree = "<group>"; };
		043A9F2E1C60514400230524 /* ViewController.swift */ = {isa = PBXFileReference; lastKnownFileType = sourcecode.swift; path = ViewController.swift; sourceTree = "<group>"; };
		043A9F311C60514400230524 /* Base */ = {isa = PBXFileReference; lastKnownFileType = file.storyboard; name = Base; path = Base.lproj/Main.storyboard; sourceTree = "<group>"; };
		043A9F331C60514400230524 /* Assets.xcassets */ = {isa = PBXFileReference; lastKnownFileType = folder.assetcatalog; path = Assets.xcassets; sourceTree = "<group>"; };
		043A9F361C60514400230524 /* Base */ = {isa = PBXFileReference; lastKnownFileType = file.storyboard; name = Base; path = Base.lproj/LaunchScreen.storyboard; sourceTree = "<group>"; };
		043A9F381C60514400230524 /* Info.plist */ = {isa = PBXFileReference; lastKnownFileType = text.plist.xml; path = Info.plist; sourceTree = "<group>"; };
		043A9F3D1C60514400230524 /* codepath_wk1_dbxTests.xctest */ = {isa = PBXFileReference; explicitFileType = wrapper.cfbundle; includeInIndex = 0; path = codepath_wk1_dbxTests.xctest; sourceTree = BUILT_PRODUCTS_DIR; };
		043A9F411C60514400230524 /* codepath_wk1_dbxTests.swift */ = {isa = PBXFileReference; lastKnownFileType = sourcecode.swift; path = codepath_wk1_dbxTests.swift; sourceTree = "<group>"; };
		043A9F431C60514400230524 /* Info.plist */ = {isa = PBXFileReference; lastKnownFileType = text.plist.xml; path = Info.plist; sourceTree = "<group>"; };
		043A9F481C60514400230524 /* codepath_wk1_dbxUITests.xctest */ = {isa = PBXFileReference; explicitFileType = wrapper.cfbundle; includeInIndex = 0; path = codepath_wk1_dbxUITests.xctest; sourceTree = BUILT_PRODUCTS_DIR; };
		043A9F4C1C60514400230524 /* codepath_wk1_dbxUITests.swift */ = {isa = PBXFileReference; lastKnownFileType = sourcecode.swift; path = codepath_wk1_dbxUITests.swift; sourceTree = "<group>"; };
		043A9F4E1C60514400230524 /* Info.plist */ = {isa = PBXFileReference; lastKnownFileType = text.plist.xml; path = Info.plist; sourceTree = "<group>"; };
/* End PBXFileReference section */

/* Begin PBXFrameworksBuildPhase section */
		043A9F261C60514400230524 /* Frameworks */ = {
			isa = PBXFrameworksBuildPhase;
			buildActionMask = 2147483647;
			files = (
			);
			runOnlyForDeploymentPostprocessing = 0;
		};
		043A9F3A1C60514400230524 /* Frameworks */ = {
			isa = PBXFrameworksBuildPhase;
			buildActionMask = 2147483647;
			files = (
			);
			runOnlyForDeploymentPostprocessing = 0;
		};
		043A9F451C60514400230524 /* Frameworks */ = {
			isa = PBXFrameworksBuildPhase;
			buildActionMask = 2147483647;
			files = (
			);
			runOnlyForDeploymentPostprocessing = 0;
		};
/* End PBXFrameworksBuildPhase section */

/* Begin PBXGroup section */
		043A9F201C60514400230524 = {
			isa = PBXGroup;
			children = (
				043A9F2B1C60514400230524 /* codepath_wk1_dbx */,
				043A9F401C60514400230524 /* codepath_wk1_dbxTests */,
				043A9F4B1C60514400230524 /* codepath_wk1_dbxUITests */,
				043A9F2A1C60514400230524 /* Products */,
			);
			sourceTree = "<group>";
		};
		043A9F2A1C60514400230524 /* Products */ = {
			isa = PBXGroup;
			children = (
				043A9F291C60514400230524 /* codepath_wk1_dbx.app */,
				043A9F3D1C60514400230524 /* codepath_wk1_dbxTests.xctest */,
				043A9F481C60514400230524 /* codepath_wk1_dbxUITests.xctest */,
			);
			name = Products;
			sourceTree = "<group>";
		};
		043A9F2B1C60514400230524 /* codepath_wk1_dbx */ = {
			isa = PBXGroup;
			children = (
				043A9F2C1C60514400230524 /* AppDelegate.swift */,
				043A9F2E1C60514400230524 /* ViewController.swift */,
				043A9F301C60514400230524 /* Main.storyboard */,
				040FB2FB1C680227004E041E /* TroubleSigningInViewController.swift */,
				040FB2F91C67F5F4004E041E /* SettingsViewController.swift */,
				040FB2F71C67EC0F004E041E /* TermsViewController.swift */,
				040FB2F51C67E827004E041E /* SignInViewController.swift */,
				040FB2F31C67E7F3004E041E /* CreateAccountViewController.swift */,
				040FB2F11C67E7AF004E041E /* SignInRootViewController.swift */,
				040FB2EF1C67E79F004E041E /* CreateAccountRootViewController.swift */,
				043A9F331C60514400230524 /* Assets.xcassets */,
				043A9F351C60514400230524 /* LaunchScreen.storyboard */,
				043A9F381C60514400230524 /* Info.plist */,
			);
			path = codepath_wk1_dbx;
			sourceTree = "<group>";
		};
		043A9F401C60514400230524 /* codepath_wk1_dbxTests */ = {
			isa = PBXGroup;
			children = (
				043A9F411C60514400230524 /* codepath_wk1_dbxTests.swift */,
				043A9F431C60514400230524 /* Info.plist */,
			);
			path = codepath_wk1_dbxTests;
			sourceTree = "<group>";
		};
		043A9F4B1C60514400230524 /* codepath_wk1_dbxUITests */ = {
			isa = PBXGroup;
			children = (
				043A9F4C1C60514400230524 /* codepath_wk1_dbxUITests.swift */,
				043A9F4E1C60514400230524 /* Info.plist */,
			);
			path = codepath_wk1_dbxUITests;
			sourceTree = "<group>";
		};
/* End PBXGroup section */

/* Begin PBXNativeTarget section */
		043A9F281C60514400230524 /* codepath_wk1_dbx */ = {
			isa = PBXNativeTarget;
			buildConfigurationList = 043A9F511C60514400230524 /* Build configuration list for PBXNativeTarget "codepath_wk1_dbx" */;
			buildPhases = (
				043A9F251C60514400230524 /* Sources */,
				043A9F261C60514400230524 /* Frameworks */,
				043A9F271C60514400230524 /* Resources */,
			);
			buildRules = (
			);
			dependencies = (
			);
			name = codepath_wk1_dbx;
			productName = codepath_wk1_dbx;
			productReference = 043A9F291C60514400230524 /* codepath_wk1_dbx.app */;
			productType = "com.apple.product-type.application";
		};
		043A9F3C1C60514400230524 /* codepath_wk1_dbxTests */ = {
			isa = PBXNativeTarget;
			buildConfigurationList = 043A9F541C60514400230524 /* Build configuration list for PBXNativeTarget "codepath_wk1_dbxTests" */;
			buildPhases = (
				043A9F391C60514400230524 /* Sources */,
				043A9F3A1C60514400230524 /* Frameworks */,
				043A9F3B1C60514400230524 /* Resources */,
			);
			buildRules = (
			);
			dependencies = (
				043A9F3F1C60514400230524 /* PBXTargetDependency */,
			);
			name = codepath_wk1_dbxTests;
			productName = codepath_wk1_dbxTests;
			productReference = 043A9F3D1C60514400230524 /* codepath_wk1_dbxTests.xctest */;
			productType = "com.apple.product-type.bundle.unit-test";
		};
		043A9F471C60514400230524 /* codepath_wk1_dbxUITests */ = {
			isa = PBXNativeTarget;
			buildConfigurationList = 043A9F571C60514400230524 /* Build configuration list for PBXNativeTarget "codepath_wk1_dbxUITests" */;
			buildPhases = (
				043A9F441C60514400230524 /* Sources */,
				043A9F451C60514400230524 /* Frameworks */,
				043A9F461C60514400230524 /* Resources */,
			);
			buildRules = (
			);
			dependencies = (
				043A9F4A1C60514400230524 /* PBXTargetDependency */,
			);
			name = codepath_wk1_dbxUITests;
			productName = codepath_wk1_dbxUITests;
			productReference = 043A9F481C60514400230524 /* codepath_wk1_dbxUITests.xctest */;
			productType = "com.apple.product-type.bundle.ui-testing";
		};
/* End PBXNativeTarget section */

/* Begin PBXProject section */
		043A9F211C60514400230524 /* Project object */ = {
			isa = PBXProject;
			attributes = {
				LastSwiftUpdateCheck = 0720;
				LastUpgradeCheck = 0720;
				ORGANIZATIONNAME = "Ariel Liu";
				TargetAttributes = {
					043A9F281C60514400230524 = {
						CreatedOnToolsVersion = 7.2;
					};
					043A9F3C1C60514400230524 = {
						CreatedOnToolsVersion = 7.2;
						TestTargetID = 043A9F281C60514400230524;
					};
					043A9F471C60514400230524 = {
						CreatedOnToolsVersion = 7.2;
						TestTargetID = 043A9F281C60514400230524;
					};
				};
			};
			buildConfigurationList = 043A9F241C60514400230524 /* Build configuration list for PBXProject "codepath_wk1_dbx" */;
			compatibilityVersion = "Xcode 3.2";
			developmentRegion = English;
			hasScannedForEncodings = 0;
			knownRegions = (
				en,
				Base,
			);
			mainGroup = 043A9F201C60514400230524;
			productRefGroup = 043A9F2A1C60514400230524 /* Products */;
			projectDirPath = "";
			projectRoot = "";
			targets = (
				043A9F281C60514400230524 /* codepath_wk1_dbx */,
				043A9F3C1C60514400230524 /* codepath_wk1_dbxTests */,
				043A9F471C60514400230524 /* codepath_wk1_dbxUITests */,
			);
		};
/* End PBXProject section */

/* Begin PBXResourcesBuildPhase section */
		043A9F271C60514400230524 /* Resources */ = {
			isa = PBXResourcesBuildPhase;
			buildActionMask = 2147483647;
			files = (
				043A9F371C60514400230524 /* LaunchScreen.storyboard in Resources */,
				043A9F341C60514400230524 /* Assets.xcassets in Resources */,
				043A9F321C60514400230524 /* Main.storyboard in Resources */,
			);
			runOnlyForDeploymentPostprocessing = 0;
		};
		043A9F3B1C60514400230524 /* Resources */ = {
			isa = PBXResourcesBuildPhase;
			buildActionMask = 2147483647;
			files = (
			);
			runOnlyForDeploymentPostprocessing = 0;
		};
		043A9F461C60514400230524 /* Resources */ = {
			isa = PBXResourcesBuildPhase;
			buildActionMask = 2147483647;
			files = (
			);
			runOnlyForDeploymentPostprocessing = 0;
		};
/* End PBXResourcesBuildPhase section */

/* Begin PBXSourcesBuildPhase section */
		043A9F251C60514400230524 /* Sources */ = {
			isa = PBXSourcesBuildPhase;
			buildActionMask = 2147483647;
			files = (
				040FB2FC1C680227004E041E /* TroubleSigningInViewController.swift in Sources */,
				040FB2F41C67E7F3004E041E /* CreateAccountViewController.swift in Sources */,
				040FB2F21C67E7AF004E041E /* SignInRootViewController.swift in Sources */,
				040FB2F61C67E827004E041E /* SignInViewController.swift in Sources */,
				040FB2F01C67E79F004E041E /* CreateAccountRootViewController.swift in Sources */,
				043A9F2F1C60514400230524 /* ViewController.swift in Sources */,
				043A9F2D1C60514400230524 /* AppDelegate.swift in Sources */,
				040FB2F81C67EC0F004E041E /* TermsViewController.swift in Sources */,
				040FB2FA1C67F5F4004E041E /* SettingsViewController.swift in Sources */,
			);
			runOnlyForDeploymentPostprocessing = 0;
		};
		043A9F391C60514400230524 /* Sources */ = {
			isa = PBXSourcesBuildPhase;
			buildActionMask = 2147483647;
			files = (
				043A9F421C60514400230524 /* codepath_wk1_dbxTests.swift in Sources */,
			);
			runOnlyForDeploymentPostprocessing = 0;
		};
		043A9F441C60514400230524 /* Sources */ = {
			isa = PBXSourcesBuildPhase;
			buildActionMask = 2147483647;
			files = (
				043A9F4D1C60514400230524 /* codepath_wk1_dbxUITests.swift in Sources */,
			);
			runOnlyForDeploymentPostprocessing = 0;
		};
/* End PBXSourcesBuildPhase section */

/* Begin PBXTargetDependency section */
		043A9F3F1C60514400230524 /* PBXTargetDependency */ = {
			isa = PBXTargetDependency;
			target = 043A9F281C60514400230524 /* codepath_wk1_dbx */;
			targetProxy = 043A9F3E1C60514400230524 /* PBXContainerItemProxy */;
		};
		043A9F4A1C60514400230524 /* PBXTargetDependency */ = {
			isa = PBXTargetDependency;
			target = 043A9F281C60514400230524 /* codepath_wk1_dbx */;
			targetProxy = 043A9F491C60514400230524 /* PBXContainerItemProxy */;
		};
/* End PBXTargetDependency section */

/* Begin PBXVariantGroup section */
		043A9F301C60514400230524 /* Main.storyboard */ = {
			isa = PBXVariantGroup;
			children = (
				043A9F311C60514400230524 /* Base */,
			);
			name = Main.storyboard;
			sourceTree = "<group>";
		};
		043A9F351C60514400230524 /* LaunchScreen.storyboard */ = {
			isa = PBXVariantGroup;
			children = (
				043A9F361C60514400230524 /* Base */,
			);
			name = LaunchScreen.storyboard;
			sourceTree = "<group>";
		};
/* End PBXVariantGroup section */

/* Begin XCBuildConfiguration section */
		043A9F4F1C60514400230524 /* Debug */ = {
			isa = XCBuildConfiguration;
			buildSettings = {
				ALWAYS_SEARCH_USER_PATHS = NO;
				CLANG_CXX_LANGUAGE_STANDARD = "gnu++0x";
				CLANG_CXX_LIBRARY = "libc++";
				CLANG_ENABLE_MODULES = YES;
				CLANG_ENABLE_OBJC_ARC = YES;
				CLANG_WARN_BOOL_CONVERSION = YES;
				CLANG_WARN_CONSTANT_CONVERSION = YES;
				CLANG_WARN_DIRECT_OBJC_ISA_USAGE = YES_ERROR;
				CLANG_WARN_EMPTY_BODY = YES;
				CLANG_WARN_ENUM_CONVERSION = YES;
				CLANG_WARN_INT_CONVERSION = YES;
				CLANG_WARN_OBJC_ROOT_CLASS = YES_ERROR;
				CLANG_WARN_UNREACHABLE_CODE = YES;
				CLANG_WARN__DUPLICATE_METHOD_MATCH = YES;
				"CODE_SIGN_IDENTITY[sdk=iphoneos*]" = "iPhone Developer";
				COPY_PHASE_STRIP = NO;
				DEBUG_INFORMATION_FORMAT = dwarf;
				ENABLE_STRICT_OBJC_MSGSEND = YES;
				ENABLE_TESTABILITY = YES;
				GCC_C_LANGUAGE_STANDARD = gnu99;
				GCC_DYNAMIC_NO_PIC = NO;
				GCC_NO_COMMON_BLOCKS = YES;
				GCC_OPTIMIZATION_LEVEL = 0;
				GCC_PREPROCESSOR_DEFINITIONS = (
					"DEBUG=1",
					"$(inherited)",
				);
				GCC_WARN_64_TO_32_BIT_CONVERSION = YES;
				GCC_WARN_ABOUT_RETURN_TYPE = YES_ERROR;
				GCC_WARN_UNDECLARED_SELECTOR = YES;
				GCC_WARN_UNINITIALIZED_AUTOS = YES_AGGRESSIVE;
				GCC_WARN_UNUSED_FUNCTION = YES;
				GCC_WARN_UNUSED_VARIABLE = YES;
				IPHONEOS_DEPLOYMENT_TARGET = 9.2;
				MTL_ENABLE_DEBUG_INFO = YES;
				ONLY_ACTIVE_ARCH = YES;
				SDKROOT = iphoneos;
				SWIFT_OPTIMIZATION_LEVEL = "-Onone";
				TARGETED_DEVICE_FAMILY = "1,2";
			};
			name = Debug;
		};
		043A9F501C60514400230524 /* Release */ = {
			isa = XCBuildConfiguration;
			buildSettings = {
				ALWAYS_SEARCH_USER_PATHS = NO;
				CLANG_CXX_LANGUAGE_STANDARD = "gnu++0x";
				CLANG_CXX_LIBRARY = "libc++";
				CLANG_ENABLE_MODULES = YES;
				CLANG_ENABLE_OBJC_ARC = YES;
				CLANG_WARN_BOOL_CONVERSION = YES;
				CLANG_WARN_CONSTANT_CONVERSION = YES;
				CLANG_WARN_DIRECT_OBJC_ISA_USAGE = YES_ERROR;
				CLANG_WARN_EMPTY_BODY = YES;
				CLANG_WARN_ENUM_CONVERSION = YES;
				CLANG_WARN_INT_CONVERSION = YES;
				CLANG_WARN_OBJC_ROOT_CLASS = YES_ERROR;
				CLANG_WARN_UNREACHABLE_CODE = YES;
				CLANG_WARN__DUPLICATE_METHOD_MATCH = YES;
				"CODE_SIGN_IDENTITY[sdk=iphoneos*]" = "iPhone Developer";
				COPY_PHASE_STRIP = NO;
				DEBUG_INFORMATION_FORMAT = "dwarf-with-dsym";
				ENABLE_NS_ASSERTIONS = NO;
				ENABLE_STRICT_OBJC_MSGSEND = YES;
				GCC_C_LANGUAGE_STANDARD = gnu99;
				GCC_NO_COMMON_BLOCKS = YES;
				GCC_WARN_64_TO_32_BIT_CONVERSION = YES;
				GCC_WARN_ABOUT_RETURN_TYPE = YES_ERROR;
				GCC_WARN_UNDECLARED_SELECTOR = YES;
				GCC_WARN_UNINITIALIZED_AUTOS = YES_AGGRESSIVE;
				GCC_WARN_UNUSED_FUNCTION = YES;
				GCC_WARN_UNUSED_VARIABLE = YES;
				IPHONEOS_DEPLOYMENT_TARGET = 9.2;
				MTL_ENABLE_DEBUG_INFO = NO;
				SDKROOT = iphoneos;
				TARGETED_DEVICE_FAMILY = "1,2";
				VALIDATE_PRODUCT = YES;
			};
			name = Release;
		};
		043A9F521C60514400230524 /* Debug */ = {
			isa = XCBuildConfiguration;
			buildSettings = {
				ASSETCATALOG_COMPILER_APPICON_NAME = AppIcon;
				INFOPLIST_FILE = codepath_wk1_dbx/Info.plist;
				LD_RUNPATH_SEARCH_PATHS = "$(inherited) @executable_path/Frameworks";
				PRODUCT_BUNDLE_IDENTIFIER = "lyft.codepath.codepath-wk1-dbx";
				PRODUCT_NAME = "$(TARGET_NAME)";
			};
			name = Debug;
		};
		043A9F531C60514400230524 /* Release */ = {
			isa = XCBuildConfiguration;
			buildSettings = {
				ASSETCATALOG_COMPILER_APPICON_NAME = AppIcon;
				INFOPLIST_FILE = codepath_wk1_dbx/Info.plist;
				LD_RUNPATH_SEARCH_PATHS = "$(inherited) @executable_path/Frameworks";
				PRODUCT_BUNDLE_IDENTIFIER = "lyft.codepath.codepath-wk1-dbx";
				PRODUCT_NAME = "$(TARGET_NAME)";
			};
			name = Release;
		};
		043A9F551C60514400230524 /* Debug */ = {
			isa = XCBuildConfiguration;
			buildSettings = {
				BUNDLE_LOADER = "$(TEST_HOST)";
				INFOPLIST_FILE = codepath_wk1_dbxTests/Info.plist;
				LD_RUNPATH_SEARCH_PATHS = "$(inherited) @executable_path/Frameworks @loader_path/Frameworks";
				PRODUCT_BUNDLE_IDENTIFIER = "lyft.codepath.codepath-wk1-dbxTests";
				PRODUCT_NAME = "$(TARGET_NAME)";
				TEST_HOST = "$(BUILT_PRODUCTS_DIR)/codepath_wk1_dbx.app/codepath_wk1_dbx";
			};
			name = Debug;
		};
		043A9F561C60514400230524 /* Release */ = {
			isa = XCBuildConfiguration;
			buildSettings = {
				BUNDLE_LOADER = "$(TEST_HOST)";
				INFOPLIST_FILE = codepath_wk1_dbxTests/Info.plist;
				LD_RUNPATH_SEARCH_PATHS = "$(inherited) @executable_path/Frameworks @loader_path/Frameworks";
				PRODUCT_BUNDLE_IDENTIFIER = "lyft.codepath.codepath-wk1-dbxTests";
				PRODUCT_NAME = "$(TARGET_NAME)";
				TEST_HOST = "$(BUILT_PRODUCTS_DIR)/codepath_wk1_dbx.app/codepath_wk1_dbx";
			};
			name = Release;
		};
		043A9F581C60514400230524 /* Debug */ = {
			isa = XCBuildConfiguration;
			buildSettings = {
				INFOPLIST_FILE = codepath_wk1_dbxUITests/Info.plist;
				LD_RUNPATH_SEARCH_PATHS = "$(inherited) @executable_path/Frameworks @loader_path/Frameworks";
				PRODUCT_BUNDLE_IDENTIFIER = "lyft.codepath.codepath-wk1-dbxUITests";
				PRODUCT_NAME = "$(TARGET_NAME)";
				TEST_TARGET_NAME = codepath_wk1_dbx;
				USES_XCTRUNNER = YES;
			};
			name = Debug;
		};
		043A9F591C60514400230524 /* Release */ = {
			isa = XCBuildConfiguration;
			buildSettings = {
				INFOPLIST_FILE = codepath_wk1_dbxUITests/Info.plist;
				LD_RUNPATH_SEARCH_PATHS = "$(inherited) @executable_path/Frameworks @loader_path/Frameworks";
				PRODUCT_BUNDLE_IDENTIFIER = "lyft.codepath.codepath-wk1-dbxUITests";
				PRODUCT_NAME = "$(TARGET_NAME)";
				TEST_TARGET_NAME = codepath_wk1_dbx;
				USES_XCTRUNNER = YES;
			};
			name = Release;
		};
/* End XCBuildConfiguration section */

/* Begin XCConfigurationList section */
		043A9F241C60514400230524 /* Build configuration list for PBXProject "codepath_wk1_dbx" */ = {
			isa = XCConfigurationList;
			buildConfigurations = (
				043A9F4F1C60514400230524 /* Debug */,
				043A9F501C60514400230524 /* Release */,
			);
			defaultConfigurationIsVisible = 0;
			defaultConfigurationName = Release;
		};
		043A9F511C60514400230524 /* Build configuration list for PBXNativeTarget "codepath_wk1_dbx" */ = {
			isa = XCConfigurationList;
			buildConfigurations = (
				043A9F521C60514400230524 /* Debug */,
				043A9F531C60514400230524 /* Release */,
			);
			defaultConfigurationIsVisible = 0;
			defaultConfigurationName = Release;
		};
		043A9F541C60514400230524 /* Build configuration list for PBXNativeTarget "codepath_wk1_dbxTests" */ = {
			isa = XCConfigurationList;
			buildConfigurations = (
				043A9F551C60514400230524 /* Debug */,
				043A9F561C60514400230524 /* Release */,
			);
			defaultConfigurationIsVisible = 0;
			defaultConfigurationName = Release;
		};
		043A9F571C60514400230524 /* Build configuration list for PBXNativeTarget "codepath_wk1_dbxUITests" */ = {
			isa = XCConfigurationList;
			buildConfigurations = (
				043A9F581C60514400230524 /* Debug */,
				043A9F591C60514400230524 /* Release */,
			);
			defaultConfigurationIsVisible = 0;
			defaultConfigurationName = Release;
		};
/* End XCConfigurationList section */
	};
	rootObject = 043A9F211C60514400230524 /* Project object */;
}
